[[package]]
category = "dev"
description = "A small Python module for determining appropriate platform-specific dirs, e.g. a \"user data dir\"."
name = "appdirs"
optional = false
python-versions = "*"
version = "1.4.3"

[[package]]
category = "dev"
description = "Atomic file writes."
name = "atomicwrites"
optional = false
python-versions = ">=2.7, !=3.0.*, !=3.1.*, !=3.2.*, !=3.3.*"
version = "1.2.1"

[[package]]
category = "dev"
description = "Classes Without Boilerplate"
name = "attrs"
optional = false
python-versions = "*"
version = "18.2.0"

[[package]]
category = "dev"
description = "The uncompromising code formatter."
name = "black"
optional = false
python-versions = ">=3.6"
version = "18.9b0"

[package.dependencies]
appdirs = "*"
attrs = ">=17.4.0"
click = ">=6.5"
toml = ">=0.9.4"

[[package]]
category = "main"
description = "Composable command line interface toolkit"
name = "click"
optional = false
python-versions = ">=2.7, !=3.0.*, !=3.1.*, !=3.2.*, !=3.3.*"
version = "7.0"

[[package]]
category = "dev"
description = "Cross-platform colored terminal text."
marker = "sys_platform == \"win32\""
name = "colorama"
optional = false
python-versions = ">=2.7, !=3.0.*, !=3.1.*, !=3.2.*, !=3.3.*"
version = "0.4.1"

[[package]]
category = "dev"
description = "Code coverage measurement for Python"
name = "coverage"
optional = false
python-versions = ">=2.6, !=3.0.*, !=3.1.*, !=3.2.*, <4"
version = "4.5.2"

[[package]]
category = "main"
description = "A simple framework for building complex web applications."
name = "flask"
optional = false
python-versions = "*"
version = "1.0.2"

[package.dependencies]
Jinja2 = ">=2.10"
Werkzeug = ">=0.14"
click = ">=5.1"
itsdangerous = ">=0.24"

[[package]]
category = "main"
description = "WSGI HTTP Server for UNIX"
name = "gunicorn"
optional = false
python-versions = ">=2.6, !=3.0.*, !=3.1.*"
version = "19.9.0"

[[package]]
category = "main"
description = "Various helpers to pass data to untrusted environments and back."
name = "itsdangerous"
optional = false
python-versions = ">=2.7, !=3.0.*, !=3.1.*, !=3.2.*, !=3.3.*"
version = "1.1.0"

[[package]]
category = "main"
description = "A small but fast and easy to use stand-alone template engine written in pure python."
name = "jinja2"
optional = false
python-versions = "*"
version = "2.10"

[package.dependencies]
MarkupSafe = ">=0.23"

[[package]]
category = "main"
description = "Safely add untrusted strings to HTML/XML markup."
name = "markupsafe"
optional = false
python-versions = ">=2.7,!=3.0.*,!=3.1.*,!=3.2.*,!=3.3.*"
version = "1.1.0"

[[package]]
category = "main"
description = "A lightweight library for converting complex datatypes to and from native Python datatypes."
name = "marshmallow"
optional = false
python-versions = "*"
version = "2.18.0"

[[package]]
category = "main"
description = "Enum field for Marshmallow"
name = "marshmallow-enum"
optional = false
python-versions = "*"
version = "1.4.1"

[package.dependencies]
marshmallow = ">=2.0.0"

[[package]]
category = "main"
description = "JSON API 1.0 (https://jsonapi.org) formatting with marshmallow"
name = "marshmallow-jsonapi"
optional = false
python-versions = "*"
version = "0.21.0"

[package.dependencies]
marshmallow = ">=2.8.0"

[[package]]
category = "dev"
description = "More routines for operating on iterables, beyond itertools"
name = "more-itertools"
optional = false
python-versions = "*"
version = "5.0.0"

[package.dependencies]
six = ">=1.0.0,<2.0.0"

[[package]]
category = "dev"
description = "Optional static typing for Python"
name = "mypy"
optional = false
python-versions = "*"
version = "0.660"

[package.dependencies]
mypy_extensions = ">=0.4.0,<0.5.0"
typed-ast = ">=1.2.0,<1.3.0"

[[package]]
category = "dev"
description = "Experimental type system extensions for programs checked with the mypy typechecker."
name = "mypy-extensions"
optional = false
python-versions = "*"
version = "0.4.1"

[[package]]
category = "main"
description = "a little orm"
name = "peewee"
optional = false
python-versions = "*"
version = "3.8.2"

[[package]]
category = "main"
description = "Extra Fields for Peewee ORM."
name = "peewee-extra-fields"
optional = false
python-versions = ">=3.6"
version = "2.5.5"

[package.dependencies]
peewee = "*"

[[package]]
category = "dev"
description = "plugin and hook calling mechanisms for python"
name = "pluggy"
optional = false
python-versions = ">=2.7, !=3.0.*, !=3.1.*, !=3.2.*, !=3.3.*"
version = "0.8.1"

[[package]]
category = "main"
description = "psycopg2 - Python-PostgreSQL Database Adapter"
name = "psycopg2-binary"
optional = false
python-versions = "*"
version = "2.7.7"

[[package]]
category = "dev"
description = "library with cross-python path, ini-parsing, io, code, log facilities"
name = "py"
optional = false
python-versions = ">=2.7, !=3.0.*, !=3.1.*, !=3.2.*, !=3.3.*"
version = "1.7.0"

[[package]]
category = "dev"
description = "passive checker of Python programs"
name = "pyflakes"
optional = false
python-versions = ">=2.7, !=3.0.*, !=3.1.*, !=3.2.*, !=3.3.*"
version = "2.1.0"

[[package]]
category = "dev"
description = "pytest: simple powerful testing with Python"
name = "pytest"
optional = false
python-versions = ">=2.7, !=3.0.*, !=3.1.*, !=3.2.*, !=3.3.*"
version = "4.1.1"

[package.dependencies]
atomicwrites = ">=1.0"
attrs = ">=17.4.0"
colorama = "*"
more-itertools = ">=4.0.0"
pluggy = ">=0.7"
py = ">=1.5.0"
setuptools = "*"
six = ">=1.10.0"

[[package]]
category = "dev"
description = "A pytest plugin to enable format checking with black"
name = "pytest-black"
optional = false
python-versions = ">=3.6"
version = "0.3.3"

[package.dependencies]
black = "18.9b0"
pytest = ">=3.5.0"

[[package]]
category = "dev"
description = "Pytest plugin for measuring coverage."
name = "pytest-cov"
optional = false
python-versions = ">=2.7, !=3.0.*, !=3.1.*, !=3.2.*, !=3.3.*"
version = "2.6.1"

[package.dependencies]
coverage = ">=4.4"
pytest = ">=3.6"

[[package]]
category = "dev"
description = "pytest plugin to check source code with pyflakes"
name = "pytest-flakes"
optional = false
python-versions = "*"
version = "4.0.0"

[package.dependencies]
pyflakes = "*"
pytest = ">=2.8.0"

[[package]]
category = "dev"
description = "Mypy static type checker plugin for Pytest"
name = "pytest-mypy"
optional = false
python-versions = "*"
version = "0.3.2"

[package.dependencies]
mypy = ">=0.570,<1.0"
pytest = ">=2.9.2"

[[package]]
category = "main"
description = "Simple, fast, extensible JSON encoder/decoder for Python"
name = "simplejson"
optional = false
python-versions = "*"
version = "3.16.0"

[[package]]
category = "dev"
description = "Python 2 and 3 compatibility utilities"
name = "six"
optional = false
python-versions = ">=2.6, !=3.0.*, !=3.1.*"
version = "1.12.0"

[[package]]
category = "dev"
description = "Python Library for Tom's Obvious, Minimal Language"
name = "toml"
optional = false
python-versions = "*"
version = "0.10.0"

[[package]]
category = "dev"
description = "a fork of Python 2 and 3 ast modules with type comment support"
name = "typed-ast"
optional = false
python-versions = "*"
version = "1.2.0"

[[package]]
category = "main"
description = "The comprehensive WSGI web application library."
name = "werkzeug"
optional = false
python-versions = "*"
version = "0.14.1"

[metadata]
content-hash = "52725eea4358b6fc0f1c4442532ae62c663b6dfda1f5f86386dbca3d7bf61997"
python-versions = "^3.7"

[metadata.hashes]
appdirs = ["9e5896d1372858f8dd3344faf4e5014d21849c756c8d5701f78f8a103b372d92", "d8b24664561d0d34ddfaec54636d502d7cea6e29c3eaf68f3df6180863e2166e"]
atomicwrites = ["0312ad34fcad8fac3704d441f7b317e50af620823353ec657a53e981f92920c0", "ec9ae8adaae229e4f8446952d204a3e4b5fdd2d099f9be3aaf556120135fb3ee"]
attrs = ["10cbf6e27dbce8c30807caf056c8eb50917e0eaafe86347671b57254006c3e69", "ca4be454458f9dec299268d472aaa5a11f67a4ff70093396e1ceae9c76cf4bbb"]
black = ["817243426042db1d36617910df579a54f1afd659adb96fc5032fcf4b36209739", "e030a9a28f542debc08acceb273f228ac422798e5215ba2a791a6ddeaaca22a5"]
click = ["2335065e6395b9e67ca716de5f7526736bfa6ceead690adf616d925bdc622b13", "5b94b49521f6456670fdb30cd82a4eca9412788a93fa6dd6df72c94d5a8ff2d7"]
colorama = ["05eed71e2e327246ad6b38c540c4a3117230b19679b875190486ddd2d721422d", "f8ac84de7840f5b9c4e3347b3c1eaa50f7e49c2b07596221daec5edaabbd7c48"]
coverage = ["06123b58a1410873e22134ca2d88bd36680479fe354955b3579fb8ff150e4d27", "09e47c529ff77bf042ecfe858fb55c3e3eb97aac2c87f0349ab5a7efd6b3939f", "0a1f9b0eb3aa15c990c328535655847b3420231af299386cfe5efc98f9c250fe", "0cc941b37b8c2ececfed341444a456912e740ecf515d560de58b9a76562d966d", "0d34245f824cc3140150ab7848d08b7e2ba67ada959d77619c986f2062e1f0e8", "10e8af18d1315de936d67775d3a814cc81d0747a1a0312d84e27ae5610e313b0", "1b4276550b86caa60606bd3572b52769860a81a70754a54acc8ba789ce74d607", "1e8a2627c48266c7b813975335cfdea58c706fe36f607c97d9392e61502dc79d", "258b21c5cafb0c3768861a6df3ab0cfb4d8b495eee5ec660e16f928bf7385390", "2b224052bfd801beb7478b03e8a66f3f25ea56ea488922e98903914ac9ac930b", "3ad59c84c502cd134b0088ca9038d100e8fb5081bbd5ccca4863f3804d81f61d", "447c450a093766744ab53bf1e7063ec82866f27bcb4f4c907da25ad293bba7e3", "46101fc20c6f6568561cdd15a54018bb42980954b79aa46da8ae6f008066a30e", "4710dc676bb4b779c4361b54eb308bc84d64a2fa3d78e5f7228921eccce5d815", "510986f9a280cd05189b42eee2b69fecdf5bf9651d4cd315ea21d24a964a3c36", "5535dda5739257effef56e49a1c51c71f1d37a6e5607bb25a5eee507c59580d1", "5a7524042014642b39b1fcae85fb37556c200e64ec90824ae9ecf7b667ccfc14", "5f55028169ef85e1fa8e4b8b1b91c0b3b0fa3297c4fb22990d46ff01d22c2d6c", "6694d5573e7790a0e8d3d177d7a416ca5f5c150742ee703f3c18df76260de794", "6831e1ac20ac52634da606b658b0b2712d26984999c9d93f0c6e59fe62ca741b", "71afc1f5cd72ab97330126b566bbf4e8661aab7449f08895d21a5d08c6b051ff", "7349c27128334f787ae63ab49d90bf6d47c7288c63a0a5dfaa319d4b4541dd2c", "77f0d9fa5e10d03aa4528436e33423bfa3718b86c646615f04616294c935f840", "828ad813c7cdc2e71dcf141912c685bfe4b548c0e6d9540db6418b807c345ddd", "859714036274a75e6e57c7bab0c47a4602d2a8cfaaa33bbdb68c8359b2ed4f5c", "85a06c61598b14b015d4df233d249cd5abfa61084ef5b9f64a48e997fd829a82", "869ef4a19f6e4c6987e18b315721b8b971f7048e6eaea29c066854242b4e98d9", "8cb4febad0f0b26c6f62e1628f2053954ad2c555d67660f28dfb1b0496711952", "977e2d9a646773cc7428cdd9a34b069d6ee254fadfb4d09b3f430e95472f3cf3", "99bd767c49c775b79fdcd2eabff405f1063d9d959039c0bdd720527a7738748a", "a5c58664b23b248b16b96253880b2868fb34358911400a7ba39d7f6399935389", "aaa0f296e503cda4bc07566f592cd7a28779d433f3a23c48082af425d6d5a78f", "ab235d9fe64833f12d1334d29b558aacedfbca2356dfb9691f2d0d38a8a7bfb4", "b3b0c8f660fae65eac74fbf003f3103769b90012ae7a460863010539bb7a80da", "bab8e6d510d2ea0f1d14f12642e3f35cefa47a9b2e4c7cea1852b52bc9c49647", "c45297bbdbc8bb79b02cf41417d63352b70bcb76f1bbb1ee7d47b3e89e42f95d", "d19bca47c8a01b92640c614a9147b081a1974f69168ecd494687c827109e8f42", "d64b4340a0c488a9e79b66ec9f9d77d02b99b772c8b8afd46c1294c1d39ca478", "da969da069a82bbb5300b59161d8d7c8d423bc4ccd3b410a9b4d8932aeefc14b", "ed02c7539705696ecb7dc9d476d861f3904a8d2b7e894bd418994920935d36bb", "ee5b8abc35b549012e03a7b1e86c09491457dba6c94112a2482b18589cc2bdb9"]
flask = ["2271c0070dbcb5275fad4a82e29f23ab92682dc45f9dfbc22c02ba9b9322ce48", "a080b744b7e345ccfcbc77954861cb05b3c63786e93f2b3875e0913d44b43f05"]
gunicorn = ["aa8e0b40b4157b36a5df5e599f45c9c76d6af43845ba3b3b0efe2c70473c2471", "fa2662097c66f920f53f70621c6c58ca4a3c4d3434205e608e121b5b3b71f4f3"]
itsdangerous = ["321b033d07f2a4136d3ec762eac9f16a10ccd60f53c0c91af90217ace7ba1f19", "b12271b2047cb23eeb98c8b5622e2e5c5e9abd9784a153e9d8ef9cb4dd09d749"]
jinja2 = ["74c935a1b8bb9a3947c50a54766a969d4846290e1e788ea44c1392163723c3bd", "f84be1bb0040caca4cea721fcbbbbd61f9be9464ca236387158b0feea01914a4"]
markupsafe = ["048ef924c1623740e70204aa7143ec592504045ae4429b59c30054cb31e3c432", "130f844e7f5bdd8e9f3f42e7102ef1d49b2e6fdf0d7526df3f87281a532d8c8b", "19f637c2ac5ae9da8bfd98cef74d64b7e1bb8a63038a3505cd182c3fac5eb4d9", "1b8a7a87ad1b92bd887568ce54b23565f3fd7018c4180136e1cf412b405a47af", "1c25694ca680b6919de53a4bb3bdd0602beafc63ff001fea2f2fc16ec3a11834", "1f19ef5d3908110e1e891deefb5586aae1b49a7440db952454b4e281b41620cd", "1fa6058938190ebe8290e5cae6c351e14e7bb44505c4a7624555ce57fbbeba0d", "31cbb1359e8c25f9f48e156e59e2eaad51cd5242c05ed18a8de6dbe85184e4b7", "3e835d8841ae7863f64e40e19477f7eb398674da6a47f09871673742531e6f4b", "4e97332c9ce444b0c2c38dd22ddc61c743eb208d916e4265a2a3b575bdccb1d3", "525396ee324ee2da82919f2ee9c9e73b012f23e7640131dd1b53a90206a0f09c", "52b07fbc32032c21ad4ab060fec137b76eb804c4b9a1c7c7dc562549306afad2", "52ccb45e77a1085ec5461cde794e1aa037df79f473cbc69b974e73940655c8d7", "5c3fbebd7de20ce93103cb3183b47671f2885307df4a17a0ad56a1dd51273d36", "5e5851969aea17660e55f6a3be00037a25b96a9b44d2083651812c99d53b14d1", "5edfa27b2d3eefa2210fb2f5d539fbed81722b49f083b2c6566455eb7422fd7e", "7d263e5770efddf465a9e31b78362d84d015cc894ca2c131901a4445eaa61ee1", "83381342bfc22b3c8c06f2dd93a505413888694302de25add756254beee8449c", "857eebb2c1dc60e4219ec8e98dfa19553dae33608237e107db9c6078b1167856", "98e439297f78fca3a6169fd330fbe88d78b3bb72f967ad9961bcac0d7fdd1550", "bf54103892a83c64db58125b3f2a43df6d2cb2d28889f14c78519394feb41492", "d9ac82be533394d341b41d78aca7ed0e0f4ba5a2231602e2f05aa87f25c51672", "e982fe07ede9fada6ff6705af70514a52beb1b2c3d25d4e873e82114cf3c5401", "edce2ea7f3dfc981c4ddc97add8a61381d9642dc3273737e756517cc03e84dd6", "efdc45ef1afc238db84cb4963aa689c0408912a0239b0721cb172b4016eb31d6", "f137c02498f8b935892d5c0172560d7ab54bc45039de8805075e19079c639a9c", "f82e347a72f955b7017a39708a3667f106e6ad4d10b25f237396a7115d8ed5fd", "fb7c206e01ad85ce57feeaaa0bf784b97fa3cad0d4a5737bc5295785f5c613a1"]
marshmallow = ["958e6640bec9a04ca15701e3d99b12c4269d0f43be596f00eeca1f2baf530abc", "d072db26baf2b0de886ad58f12360610d7bdea439e975a0179d1da82340c4f72"]
marshmallow-enum = ["022400a2196ba55d5e6de67e6e4991e232190d25cbe26efa302c2e889e55ebf1", "f5ad5dd187bbdca3165159db34e7b26f8a16e75e44aee5fc648ef18a2bd37b42"]
marshmallow-jsonapi = ["3fcee53d31e57e85391820d316742e5c0f02bc41829b8395b5f1d2c1fcfd3ff4", "a403f32c5a7bb8f7540fae2fbb35565cf15dddd4936b8d8d74873f55aa5f0cc2"]
more-itertools = ["38a936c0a6d98a38bcc2d03fdaaedaba9f412879461dd2ceff8d37564d6522e4", "c0a5785b1109a6bd7fac76d6837fd1feca158e54e521ccd2ae8bfe393cc9d4fc", "fe7a7cae1ccb57d33952113ff4fa1bc5f879963600ed74918f1236e212ee50b9"]
mypy = ["986a7f97808a865405c5fd98fae5ebfa963c31520a56c783df159e9a81e41b3e", "cc5df73cc11d35655a8c364f45d07b13c8db82c000def4bd7721be13356533b4"]
mypy-extensions = ["37e0e956f41369209a3d5f34580150bcacfabaa57b33a15c0b25f4b5725e0812", "b16cabe759f55e3409a7d231ebd2841378fb0c27a5d1994719e340e4f429ac3e"]
peewee = ["7f8e3f512ee0d4e2d9c2008ea446d69e23c9535466367b991d452825a1ddb654"]
peewee-extra-fields = ["527154c9ddfb2346fb1adecaed81b2e8405439b5a321769a040d673b95df28b5", "8bef470e68eb8fbc5d397caab3e9ac3b047875c362122ead0994bd2d0f4617f1", "f25c4768b0ab6ceeef27279f02ba038daf73f169ce9e4985e33676415e21862e"]
pluggy = ["8ddc32f03971bfdf900a81961a48ccf2fb677cf7715108f85295c67405798616", "980710797ff6a041e9a73a5787804f848996ecaa6f8a1b1e08224a5894f2074a"]
psycopg2-binary = ["19a2d1f3567b30f6c2bb3baea23f74f69d51f0c06c2e2082d0d9c28b0733a4c2", "2b69cf4b0fa2716fd977aa4e1fd39af6110eb47b2bb30b4e5a469d8fbecfc102", "2e952fa17ba48cbc2dc063ddeec37d7dc4ea0ef7db0ac1eda8906365a8543f31", "348b49dd737ff74cfb5e663e18cb069b44c64f77ec0523b5794efafbfa7df0b8", "3d72a5fdc5f00ca85160915eb9a973cf9a0ab8148f6eda40708bf672c55ac1d1", "4957452f7868f43f32c090dadb4188e9c74a4687323c87a882e943c2bd4780c3", "5138cec2ee1e53a671e11cc519505eb08aaaaf390c508f25b09605763d48de4b", "587098ca4fc46c95736459d171102336af12f0d415b3b865972a79c03f06259f", "5b79368bcdb1da4a05f931b62760bea0955ee2c81531d8e84625df2defd3f709", "5cf43807392247d9bc99737160da32d3fa619e0bfd85ba24d1c78db205f472a4", "676d1a80b1eebc0cacae8dd09b2fde24213173bf65650d22b038c5ed4039f392", "6b0211ecda389101a7d1d3df2eba0cf7ffbdd2480ca6f1d2257c7bd739e84110", "79cde4660de6f0bb523c229763bd8ad9a93ac6760b72c369cf1213955c430934", "7aba9786ac32c2a6d5fb446002ed936b47d5e1f10c466ef7e48f66eb9f9ebe3b", "7c8159352244e11bdd422226aa17651110b600d175220c451a9acf795e7414e0", "945f2eedf4fc6b2432697eb90bb98cc467de5147869e57405bfc31fa0b824741", "96b4e902cde37a7fc6ab306b3ac089a3949e6ce3d824eeca5b19dc0bedb9f6e2", "9a7bccb1212e63f309eb9fab47b6eaef796f59850f169a25695b248ca1bf681b", "a3bfcac727538ec11af304b5eccadbac952d4cca1a551a29b8fe554e3ad535dc", "b19e9f1b85c5d6136f5a0549abdc55dcbd63aba18b4f10d0d063eb65ef2c68b4", "b664011bb14ca1f2287c17185e222f2098f7b4c857961dbcf9badb28786dbbf4", "bde7959ef012b628868d69c474ec4920252656d0800835ed999ba5e4f57e3e2e", "cb095a0657d792c8de9f7c9a0452385a309dfb1bbbb3357d6b1e216353ade6ca", "d16d42a1b9772152c1fe606f679b2316551f7e1a1ce273e7f808e82a136cdb3d", "d444b1545430ffc1e7a24ce5a9be122ccd3b135a7b7e695c5862c5aff0b11159", "d93ccc7bf409ec0a23f2ac70977507e0b8a8d8c54e5ee46109af2f0ec9e411f3", "df6444f952ca849016902662e1a47abf4fa0678d75f92fd9dd27f20525f809cd", "e63850d8c52ba2b502662bf3c02603175c2397a9acc756090e444ce49508d41e", "ec43358c105794bc2b6fd34c68d27f92bea7102393c01889e93f4b6a70975728", "f4c6926d9c03dadce7a3b378b40d2fea912c1344ef9b29869f984fb3d2a2420b"]
py = ["bf92637198836372b520efcba9e020c330123be8ce527e535d185ed4b6f45694", "e76826342cefe3c3d5f7e8ee4316b80d1dd8a300781612ddbc765c17ba25a6c6"]
pyflakes = ["5e8c00e30c464c99e0b501dc160b13a14af7f27d4dffb529c556e30a159e231d", "f277f9ca3e55de669fba45b7393a1449009cff5a37d1af10ebb76c52765269cd"]
pytest = ["41568ea7ecb4a68d7f63837cf65b92ce8d0105e43196ff2b26622995bb3dc4b2", "c3c573a29d7c9547fb90217ece8a8843aa0c1328a797e200290dc3d0b4b823be"]
pytest-black = ["17f08b44faa95afff569da9f026636592c589b6a9392ee57bd118745d6d884e7"]
pytest-cov = ["0ab664b25c6aa9716cbf203b17ddb301932383046082c081b9848a0edf5add33", "230ef817450ab0699c6cc3c9c8f7a829c34674456f2ed8df1fe1d39780f7c87f"]
pytest-flakes = ["341964bf5760ebbdde9619f68a17d5632c674c3f6903ef66daa0a4f540b3d143", "daaf319250eeefa8cb13b0ba78ffdda67926c4b6446a9e14f946b86d1ba6af23"]
pytest-mypy = ["8f6436eed8118afd6c10a82b3b60fb537336736b0fd7a29262a656ac42ce01ac", "acc653210e7d8d5c72845a5248f00fd33f4f3379ca13fe56cfc7b749b5655c3e"]
simplejson = ["067a7177ddfa32e1483ba5169ebea1bc2ea27f224853211ca669325648ca5642", "2b8cb601d9ba0381499db719ccc9dfbb2fbd16013f5ff096b1a68a4775576a04", "2c139daf167b96f21542248f8e0a06596c9b9a7a41c162cc5c9ee9f3833c93cd", "2fc546e6af49fb45b93bbe878dea4c48edc34083729c0abd09981fe55bdf7f91", "354fa32b02885e6dae925f1b5bbf842c333c1e11ea5453ddd67309dc31fdb40a", "37e685986cf6f8144607f90340cff72d36acf654f3653a6c47b84c5c38d00df7", "3af610ee72efbe644e19d5eaad575c73fb83026192114e5f6719f4901097fce2", "3b919fc9cf508f13b929a9b274c40786036b31ad28657819b3b9ba44ba651f50", "3dd289368bbd064974d9a5961101f080e939cbe051e6689a193c99fb6e9ac89b", "491de7acc423e871a814500eb2dcea8aa66c4a4b1b4825d18f756cdf58e370cb", "495511fe5f10ccf4e3ed4fc0c48318f533654db6c47ecbc970b4ed215c791968", "65b41a5cda006cfa7c66eabbcf96aa704a6be2a5856095b9e2fd8c293bad2b46", "6c3258ffff58712818a233b9737fe4be943d306c40cf63d14ddc82ba563f483a", "75e3f0b12c28945c08f54350d91e624f8dd580ab74fd4f1bbea54bc6b0165610", "79b129fe65fdf3765440f7a73edaffc89ae9e7885d4e2adafe6aa37913a00fbb", "b1f329139ba647a9548aa05fb95d046b4a677643070dc2afc05fa2e975d09ca5", "c206f47cbf9f32b573c9885f0ec813d2622976cf5effcf7e472344bc2e020ac1", "d8e238f20bcf70063ee8691d4a72162bcec1f4c38f83c93e6851e72ad545dabb", "ee9625fc8ee164902dfbb0ff932b26df112da9f871c32f0f9c1bcf20c350fe2a", "fb2530b53c28f0d4d84990e945c2ebb470edb469d63e389bf02ff409012fe7c5", "feadb95170e45f439455354904768608e356c5b174ca30b3d11b0e3f24b5c0df"]
six = ["3350809f0555b11f552448330d0b52d5f24c91a322ea4a15ef22629740f3761c", "d16a0141ec1a18405cd4ce8b4613101da75da0e9a7aec5bdd4fa804d0e0eba73"]
toml = ["229f81c57791a41d65e399fc06bf0848bab550a9dfd5ed66df18ce5f05e73d5c", "235682dd292d5899d361a811df37e04a8828a5b1da3115886b73cf81ebc9100e", "f1db651f9657708513243e61e6cc67d101a39bad662eaa9b5546f789338e07a3"]
typed-ast = ["023625bfa9359e29bd6e24cac2a4503495b49761d48a5f1e38333fc4ac4d93fe", "07591f7a5fdff50e2e566c4c1e9df545c75d21e27d98d18cb405727ed0ef329c", "153e526b0f4ffbfada72d0bb5ffe8574ba02803d2f3a9c605c8cf99dfedd72a2", "3ad2bdcd46a4a1518d7376e9f5016d17718a9ed3c6a3f09203d832f6c165de4a", "3ea98c84df53ada97ee1c5159bb3bc784bd734231235a1ede14c8ae0775049f7", "51a7141ccd076fa561af107cfb7a8b6d06a008d92451a1ac7e73149d18e9a827", "52c93cd10e6c24e7ac97e8615da9f224fd75c61770515cb323316c30830ddb33", "6344c84baeda3d7b33e157f0b292e4dd53d05ddb57a63f738178c01cac4635c9", "64699ca1b3bd5070bdeb043e6d43bc1d0cebe08008548f4a6bee782b0ecce032", "74903f2e56bbffe29282ef8a5487d207d10be0f8513b41aff787d954a4cf91c9", "7891710dba83c29ee2bd51ecaa82f60f6bede40271af781110c08be134207bf2", "91976c56224e26c256a0de0f76d2004ab885a29423737684b4f7ebdd2f46dde2", "9bad678a576ecc71f25eba9f1e3fd8d01c28c12a2834850b458428b3e855f062", "b4726339a4c180a8b6ad9d8b50d2b6dc247e1b79b38fe2290549c98e82e4fd15", "ba36f6aa3f8933edf94ea35826daf92cbb3ec248b89eccdc053d4a815d285357", "bbc96bde544fd19e9ef168e4dfa5c3dfe704bfa78128fa76f361d64d6b0f731a", "c0c927f1e44469056f7f2dada266c79b577da378bbde3f6d2ada726d131e4824", "c0f9a3708008aa59f560fa1bd22385e05b79b8e38e0721a15a8402b089243442", "f0bf6f36ff9c5643004171f11d2fdc745aa3953c5aacf2536a0685db9ceb3fb1", "f5be39a0146be663cbf210a4d95c3c58b2d7df7b043c9047c5448e358f0550a2", "fcd198bf19d9213e5cbf2cde2b9ef20a9856e716f76f9476157f90ae6de06cc6"]
werkzeug = ["c3fd7a7d41976d9f44db327260e263132466836cef6f91512889ed60ad26557c", "d5da73735293558eb1651ee2fddc4d0dedcfa06538b8813a2e20011583c9e49b"]
